
Microsoft Visual Studio Solution File, Format Version 12.00
# Visual Studio Version 17
VisualStudioVersion = 17.11.35327.3
MinimumVisualStudioVersion = 10.0.40219.1
Project("{FAE04EC0-301F-11D3-BF4B-00C04F79EFBC}") = "RM.ApiDotNet6.Domain", "RM.ApiDotNet6.Domain\RM.ApiDotNet6.Domain.csproj", "{CBBB9F8C-6824-48B0-89A3-A2059E6DC36F}"
EndProject
Project("{FAE04EC0-301F-11D3-BF4B-00C04F79EFBC}") = "RM.ApiDotNer6.Infra.Data", "RM.ApiDotNer6.Infra.Data\RM.ApiDotNer6.Infra.Data.csproj", "{B26AC27D-B988-4BAD-97FF-FFCA22D93865}"
EndProject
Project("{FAE04EC0-301F-11D3-BF4B-00C04F79EFBC}") = "RM.ApiDotNet6.Application", "RM.ApiDotNet6.Application\RM.ApiDotNet6.Application.csproj", "{2E347A8B-A1F0-4C0B-83F3-10E99658212F}"
EndProject
Project("{FAE04EC0-301F-11D3-BF4B-00C04F79EFBC}") = "RM.ApiDotNet6.Infra.IoC", "RM.ApiDotNet6.Infra.IoC\RM.ApiDotNet6.Infra.IoC.csproj", "{49F76A2B-8ED6-45C8-9CBA-20564159EE89}"
EndProject
Project("{FAE04EC0-301F-11D3-BF4B-00C04F79EFBC}") = "RM.ApiDotNet6.Api", "RM.ApiDotNet6.Api\RM.ApiDotNet6.Api.csproj", "{795A90B3-BC7C-4A03-98A2-F00701413273}"
EndProject
Global
	GlobalSection(SolutionConfigurationPlatforms) = preSolution
		Debug|Any CPU = Debug|Any CPU
		Release|Any CPU = Release|Any CPU
	EndGlobalSection
	GlobalSection(ProjectConfigurationPlatforms) = postSolution
		{CBBB9F8C-6824-48B0-89A3-A2059E6DC36F}.Debug|Any CPU.ActiveCfg = Debug|Any CPU
		{CBBB9F8C-6824-48B0-89A3-A2059E6DC36F}.Debug|Any CPU.Build.0 = Debug|Any CPU
		{CBBB9F8C-6824-48B0-89A3-A2059E6DC36F}.Release|Any CPU.ActiveCfg = Release|Any CPU
		{CBBB9F8C-6824-48B0-89A3-A2059E6DC36F}.Release|Any CPU.Build.0 = Release|Any CPU
		{B26AC27D-B988-4BAD-97FF-FFCA22D93865}.Debug|Any CPU.ActiveCfg = Debug|Any CPU
		{B26AC27D-B988-4BAD-97FF-FFCA22D93865}.Debug|Any CPU.Build.0 = Debug|Any CPU
		{B26AC27D-B988-4BAD-97FF-FFCA22D93865}.Release|Any CPU.ActiveCfg = Release|Any CPU
		{B26AC27D-B988-4BAD-97FF-FFCA22D93865}.Release|Any CPU.Build.0 = Release|Any CPU
		{2E347A8B-A1F0-4C0B-83F3-10E99658212F}.Debug|Any CPU.ActiveCfg = Debug|Any CPU
		{2E347A8B-A1F0-4C0B-83F3-10E99658212F}.Debug|Any CPU.Build.0 = Debug|Any CPU
		{2E347A8B-A1F0-4C0B-83F3-10E99658212F}.Release|Any CPU.ActiveCfg = Release|Any CPU
		{2E347A8B-A1F0-4C0B-83F3-10E99658212F}.Release|Any CPU.Build.0 = Release|Any CPU
		{49F76A2B-8ED6-45C8-9CBA-20564159EE89}.Debug|Any CPU.ActiveCfg = Debug|Any CPU
		{49F76A2B-8ED6-45C8-9CBA-20564159EE89}.Debug|Any CPU.Build.0 = Debug|Any CPU
		{49F76A2B-8ED6-45C8-9CBA-20564159EE89}.Release|Any CPU.ActiveCfg = Release|Any CPU
		{49F76A2B-8ED6-45C8-9CBA-20564159EE89}.Release|Any CPU.Build.0 = Release|Any CPU
		{795A90B3-BC7C-4A03-98A2-F00701413273}.Debug|Any CPU.ActiveCfg = Debug|Any CPU
		{795A90B3-BC7C-4A03-98A2-F00701413273}.Debug|Any CPU.Build.0 = Debug|Any CPU
		{795A90B3-BC7C-4A03-98A2-F00701413273}.Release|Any CPU.ActiveCfg = Release|Any CPU
		{795A90B3-BC7C-4A03-98A2-F00701413273}.Release|Any CPU.Build.0 = Release|Any CPU
	EndGlobalSection
	GlobalSection(SolutionProperties) = preSolution
		HideSolutionNode = FALSE
	EndGlobalSection
	GlobalSection(ExtensibilityGlobals) = postSolution
		SolutionGuid = {D1FB6A35-1C28-4B04-BC2D-7CD047C35569}
	EndGlobalSection
EndGlobal
